// !$*UTF8*$!
{
	archiveVersion = 1;
	classes = {
	};
	objectVersion = 51;
	objects = {

/* Begin PBXBuildFile section */
		21E83E98F41224101F699D65 /* Pods_RentSpace.framework in Frameworks */ = {isa = PBXBuildFile; fileRef = 7A35FBBAEC50E5B0DF0A8BF6 /* Pods_RentSpace.framework */; };
		CE02CEC923E84705003B96A9 /* UpdateCredentialsTableViewController.swift in Sources */ = {isa = PBXBuildFile; fileRef = CE02CEC823E84705003B96A9 /* UpdateCredentialsTableViewController.swift */; };
		CE02CECB23E85433003B96A9 /* DeleteAccountViewController.swift in Sources */ = {isa = PBXBuildFile; fileRef = CE02CECA23E85433003B96A9 /* DeleteAccountViewController.swift */; };
		CE02CECD23E88873003B96A9 /* FirebaseClient.swift in Sources */ = {isa = PBXBuildFile; fileRef = CE02CECC23E88873003B96A9 /* FirebaseClient.swift */; };
		CE08407A238D40B200DA57C8 /* AppDelegate.swift in Sources */ = {isa = PBXBuildFile; fileRef = CE084079238D40B200DA57C8 /* AppDelegate.swift */; };
		CE08407C238D40B200DA57C8 /* SceneDelegate.swift in Sources */ = {isa = PBXBuildFile; fileRef = CE08407B238D40B200DA57C8 /* SceneDelegate.swift */; };
		CE08407E238D40B200DA57C8 /* PostSpaceViewController.swift in Sources */ = {isa = PBXBuildFile; fileRef = CE08407D238D40B200DA57C8 /* PostSpaceViewController.swift */; };
		CE084081238D40B200DA57C8 /* Main.storyboard in Resources */ = {isa = PBXBuildFile; fileRef = CE08407F238D40B200DA57C8 /* Main.storyboard */; };
		CE084086238D40B500DA57C8 /* LaunchScreen.storyboard in Resources */ = {isa = PBXBuildFile; fileRef = CE084084238D40B500DA57C8 /* LaunchScreen.storyboard */; };
		CE08408E238E73B000DA57C8 /* AddPhotosViewController.swift in Sources */ = {isa = PBXBuildFile; fileRef = CE08408D238E73B000DA57C8 /* AddPhotosViewController.swift */; };
		CE084090238E78D300DA57C8 /* RentSpaceViewController.swift in Sources */ = {isa = PBXBuildFile; fileRef = CE08408F238E78D300DA57C8 /* RentSpaceViewController.swift */; };
		CE084092238E86F200DA57C8 /* PhotoCollectionViewCell.swift in Sources */ = {isa = PBXBuildFile; fileRef = CE084091238E86F200DA57C8 /* PhotoCollectionViewCell.swift */; };
		CE3BFE5D23FD5A420023186C /* LegaInformationViewController.swift in Sources */ = {isa = PBXBuildFile; fileRef = CE3BFE5C23FD5A420023186C /* LegaInformationViewController.swift */; };
		CE3BFE5F23FD5DDF0023186C /* Legal.swift in Sources */ = {isa = PBXBuildFile; fileRef = CE3BFE5E23FD5DDF0023186C /* Legal.swift */; };
		CE5D27CF238EC8AA0098B0FA /* Image.swift in Sources */ = {isa = PBXBuildFile; fileRef = CE5D27CE238EC8AA0098B0FA /* Image.swift */; };
		CE5D27D1238FB3BF0098B0FA /* PreviewPhotoCollectionViewCell.swift in Sources */ = {isa = PBXBuildFile; fileRef = CE5D27D0238FB3BF0098B0FA /* PreviewPhotoCollectionViewCell.swift */; };
		CE5D27D3239107D10098B0FA /* ContactDetailsViewController.swift in Sources */ = {isa = PBXBuildFile; fileRef = CE5D27D2239107D10098B0FA /* ContactDetailsViewController.swift */; };
		CE5D27D723912E8B0098B0FA /* AddressSearchTableViewController.swift in Sources */ = {isa = PBXBuildFile; fileRef = CE5D27D623912E8B0098B0FA /* AddressSearchTableViewController.swift */; };
		CE6583A123941302001FFA8A /* UIVC Extension.swift in Sources */ = {isa = PBXBuildFile; fileRef = CE6583A023941302001FFA8A /* UIVC Extension.swift */; };
		CE6583A32397C0E6001FFA8A /* GoogleService-Info.plist in Resources */ = {isa = PBXBuildFile; fileRef = CE6583A22397C0E6001FFA8A /* GoogleService-Info.plist */; };
		CE6583A52397E26C001FFA8A /* Space.swift in Sources */ = {isa = PBXBuildFile; fileRef = CE6583A42397E26C001FFA8A /* Space.swift */; };
		CE6583A823981473001FFA8A /* AdvertTableViewCell.swift in Sources */ = {isa = PBXBuildFile; fileRef = CE6583A723981473001FFA8A /* AdvertTableViewCell.swift */; };
		CE6583AA239A6F00001FFA8A /* SpaceSelectionViewController.swift in Sources */ = {isa = PBXBuildFile; fileRef = CE6583A9239A6F00001FFA8A /* SpaceSelectionViewController.swift */; };
		CE6583AC239A8A13001FFA8A /* Location.swift in Sources */ = {isa = PBXBuildFile; fileRef = CE6583AB239A8A13001FFA8A /* Location.swift */; };
		CE6583AE239AAAC9001FFA8A /* AdvertDetailsViewController.swift in Sources */ = {isa = PBXBuildFile; fileRef = CE6583AD239AAAC9001FFA8A /* AdvertDetailsViewController.swift */; };
		CE6BFB30239F9B44006D2ACC /* PostConfirmationViewController.swift in Sources */ = {isa = PBXBuildFile; fileRef = CE6BFB2F239F9B44006D2ACC /* PostConfirmationViewController.swift */; };
		CE6BFB3223A24A73006D2ACC /* SearchRadiusViewController.swift in Sources */ = {isa = PBXBuildFile; fileRef = CE6BFB3123A24A73006D2ACC /* SearchRadiusViewController.swift */; };
		CE6BFB3423A3A055006D2ACC /* ChangeSearchLocationTableViewController.swift in Sources */ = {isa = PBXBuildFile; fileRef = CE6BFB3323A3A055006D2ACC /* ChangeSearchLocationTableViewController.swift */; };
		CE79981923E1BF840017E39A /* Favourites.swift in Sources */ = {isa = PBXBuildFile; fileRef = CE79981823E1BF840017E39A /* Favourites.swift */; };
		CE79981F23E6D82D0017E39A /* UpdateDetailsViewController.swift in Sources */ = {isa = PBXBuildFile; fileRef = CE79981E23E6D82D0017E39A /* UpdateDetailsViewController.swift */; };
		CEB683FA23EF0C8F00C3C0E3 /* Assets.xcassets in Resources */ = {isa = PBXBuildFile; fileRef = CEB683F923EF0C8E00C3C0E3 /* Assets.xcassets */; };
		CEC0B93523D1C286004DC4E6 /* Chat.swift in Sources */ = {isa = PBXBuildFile; fileRef = CEC0B93423D1C286004DC4E6 /* Chat.swift */; };
		CEC0B93723D21CF4004DC4E6 /* Message.swift in Sources */ = {isa = PBXBuildFile; fileRef = CEC0B93623D21CF4004DC4E6 /* Message.swift */; };
		CEC0B93923D62007004DC4E6 /* MessageTableViewCell.swift in Sources */ = {isa = PBXBuildFile; fileRef = CEC0B93823D62007004DC4E6 /* MessageTableViewCell.swift */; };
		CEC0B93D23D72013004DC4E6 /* SenderTableViewCell.swift in Sources */ = {isa = PBXBuildFile; fileRef = CEC0B93C23D72013004DC4E6 /* SenderTableViewCell.swift */; };
		CEF5CBD723C1DBC80011243D /* MySpacesViewController.swift in Sources */ = {isa = PBXBuildFile; fileRef = CEF5CBD623C1DBC80011243D /* MySpacesViewController.swift */; };
		CEF5CBD923C1DD650011243D /* MySpacesTableViewCell.swift in Sources */ = {isa = PBXBuildFile; fileRef = CEF5CBD823C1DD650011243D /* MySpacesTableViewCell.swift */; };
		CEF5CBDB23C1F5E10011243D /* SettingsViewController.swift in Sources */ = {isa = PBXBuildFile; fileRef = CEF5CBDA23C1F5E10011243D /* SettingsViewController.swift */; };
		CEF5CBDF23C1FF250011243D /* ChatsViewController.swift in Sources */ = {isa = PBXBuildFile; fileRef = CEF5CBDE23C1FF250011243D /* ChatsViewController.swift */; };
		CEF5CBE123C200FC0011243D /* MessagesTableViewCell.swift in Sources */ = {isa = PBXBuildFile; fileRef = CEF5CBE023C200FC0011243D /* MessagesTableViewCell.swift */; };
		CEF5CBE323C214CC0011243D /* MessageViewController.swift in Sources */ = {isa = PBXBuildFile; fileRef = CEF5CBE223C214CC0011243D /* MessageViewController.swift */; };
		CEF5CBE523C23AFF0011243D /* SignInViewController.swift in Sources */ = {isa = PBXBuildFile; fileRef = CEF5CBE423C23AFF0011243D /* SignInViewController.swift */; };
		CEF5CBE723C243A80011243D /* RegisterViewController.swift in Sources */ = {isa = PBXBuildFile; fileRef = CEF5CBE623C243A80011243D /* RegisterViewController.swift */; };
		CEF5CBE923C7258C0011243D /* Settings.swift in Sources */ = {isa = PBXBuildFile; fileRef = CEF5CBE823C7258C0011243D /* Settings.swift */; };
/* End PBXBuildFile section */

/* Begin PBXFileReference section */
		47AD5D96B1E02FDA62C55B2F /* Pods-RentSpace.release.xcconfig */ = {isa = PBXFileReference; includeInIndex = 1; lastKnownFileType = text.xcconfig; name = "Pods-RentSpace.release.xcconfig"; path = "Target Support Files/Pods-RentSpace/Pods-RentSpace.release.xcconfig"; sourceTree = "<group>"; };
		7A35FBBAEC50E5B0DF0A8BF6 /* Pods_RentSpace.framework */ = {isa = PBXFileReference; explicitFileType = wrapper.framework; includeInIndex = 0; path = Pods_RentSpace.framework; sourceTree = BUILT_PRODUCTS_DIR; };
		CD8A875980191F6D936665A9 /* Pods-RentSpace.debug.xcconfig */ = {isa = PBXFileReference; includeInIndex = 1; lastKnownFileType = text.xcconfig; name = "Pods-RentSpace.debug.xcconfig"; path = "Target Support Files/Pods-RentSpace/Pods-RentSpace.debug.xcconfig"; sourceTree = "<group>"; };
		CE02CEC823E84705003B96A9 /* UpdateCredentialsTableViewController.swift */ = {isa = PBXFileReference; lastKnownFileType = sourcecode.swift; path = UpdateCredentialsTableViewController.swift; sourceTree = "<group>"; };
		CE02CECA23E85433003B96A9 /* DeleteAccountViewController.swift */ = {isa = PBXFileReference; lastKnownFileType = sourcecode.swift; path = DeleteAccountViewController.swift; sourceTree = "<group>"; };
		CE02CECC23E88873003B96A9 /* FirebaseClient.swift */ = {isa = PBXFileReference; lastKnownFileType = sourcecode.swift; path = FirebaseClient.swift; sourceTree = "<group>"; };
		CE084076238D40B200DA57C8 /* RentSpace.app */ = {isa = PBXFileReference; explicitFileType = wrapper.application; includeInIndex = 0; path = RentSpace.app; sourceTree = BUILT_PRODUCTS_DIR; };
		CE084079238D40B200DA57C8 /* AppDelegate.swift */ = {isa = PBXFileReference; lastKnownFileType = sourcecode.swift; path = AppDelegate.swift; sourceTree = "<group>"; };
		CE08407B238D40B200DA57C8 /* SceneDelegate.swift */ = {isa = PBXFileReference; lastKnownFileType = sourcecode.swift; path = SceneDelegate.swift; sourceTree = "<group>"; };
		CE08407D238D40B200DA57C8 /* PostSpaceViewController.swift */ = {isa = PBXFileReference; lastKnownFileType = sourcecode.swift; path = PostSpaceViewController.swift; sourceTree = "<group>"; };
		CE084080238D40B200DA57C8 /* Base */ = {isa = PBXFileReference; lastKnownFileType = file.storyboard; name = Base; path = Base.lproj/Main.storyboard; sourceTree = "<group>"; };
		CE084085238D40B500DA57C8 /* Base */ = {isa = PBXFileReference; lastKnownFileType = file.storyboard; name = Base; path = Base.lproj/LaunchScreen.storyboard; sourceTree = "<group>"; };
		CE084087238D40B500DA57C8 /* Info.plist */ = {isa = PBXFileReference; lastKnownFileType = text.plist.xml; path = Info.plist; sourceTree = "<group>"; };
		CE08408D238E73B000DA57C8 /* AddPhotosViewController.swift */ = {isa = PBXFileReference; lastKnownFileType = sourcecode.swift; path = AddPhotosViewController.swift; sourceTree = "<group>"; };
		CE08408F238E78D300DA57C8 /* RentSpaceViewController.swift */ = {isa = PBXFileReference; lastKnownFileType = sourcecode.swift; path = RentSpaceViewController.swift; sourceTree = "<group>"; };
		CE084091238E86F200DA57C8 /* PhotoCollectionViewCell.swift */ = {isa = PBXFileReference; lastKnownFileType = sourcecode.swift; path = PhotoCollectionViewCell.swift; sourceTree = "<group>"; };
		CE3BFE5C23FD5A420023186C /* LegaInformationViewController.swift */ = {isa = PBXFileReference; lastKnownFileType = sourcecode.swift; path = LegaInformationViewController.swift; sourceTree = "<group>"; };
		CE3BFE5E23FD5DDF0023186C /* Legal.swift */ = {isa = PBXFileReference; lastKnownFileType = sourcecode.swift; path = Legal.swift; sourceTree = "<group>"; };
		CE5D27CE238EC8AA0098B0FA /* Image.swift */ = {isa = PBXFileReference; lastKnownFileType = sourcecode.swift; path = Image.swift; sourceTree = "<group>"; };
		CE5D27D0238FB3BF0098B0FA /* PreviewPhotoCollectionViewCell.swift */ = {isa = PBXFileReference; lastKnownFileType = sourcecode.swift; path = PreviewPhotoCollectionViewCell.swift; sourceTree = "<group>"; };
		CE5D27D2239107D10098B0FA /* ContactDetailsViewController.swift */ = {isa = PBXFileReference; lastKnownFileType = sourcecode.swift; path = ContactDetailsViewController.swift; sourceTree = "<group>"; };
		CE5D27D623912E8B0098B0FA /* AddressSearchTableViewController.swift */ = {isa = PBXFileReference; lastKnownFileType = sourcecode.swift; path = AddressSearchTableViewController.swift; sourceTree = "<group>"; };
		CE6583A023941302001FFA8A /* UIVC Extension.swift */ = {isa = PBXFileReference; lastKnownFileType = sourcecode.swift; path = "UIVC Extension.swift"; sourceTree = "<group>"; };
		CE6583A22397C0E6001FFA8A /* GoogleService-Info.plist */ = {isa = PBXFileReference; fileEncoding = 4; lastKnownFileType = text.plist.xml; path = "GoogleService-Info.plist"; sourceTree = "<group>"; };
		CE6583A42397E26C001FFA8A /* Space.swift */ = {isa = PBXFileReference; lastKnownFileType = sourcecode.swift; path = Space.swift; sourceTree = "<group>"; };
		CE6583A723981473001FFA8A /* AdvertTableViewCell.swift */ = {isa = PBXFileReference; lastKnownFileType = sourcecode.swift; path = AdvertTableViewCell.swift; sourceTree = "<group>"; };
		CE6583A9239A6F00001FFA8A /* SpaceSelectionViewController.swift */ = {isa = PBXFileReference; lastKnownFileType = sourcecode.swift; path = SpaceSelectionViewController.swift; sourceTree = "<group>"; };
		CE6583AB239A8A13001FFA8A /* Location.swift */ = {isa = PBXFileReference; lastKnownFileType = sourcecode.swift; path = Location.swift; sourceTree = "<group>"; };
		CE6583AD239AAAC9001FFA8A /* AdvertDetailsViewController.swift */ = {isa = PBXFileReference; lastKnownFileType = sourcecode.swift; path = AdvertDetailsViewController.swift; sourceTree = "<group>"; };
		CE6BFB2F239F9B44006D2ACC /* PostConfirmationViewController.swift */ = {isa = PBXFileReference; lastKnownFileType = sourcecode.swift; path = PostConfirmationViewController.swift; sourceTree = "<group>"; };
		CE6BFB3123A24A73006D2ACC /* SearchRadiusViewController.swift */ = {isa = PBXFileReference; lastKnownFileType = sourcecode.swift; path = SearchRadiusViewController.swift; sourceTree = "<group>"; };
		CE6BFB3323A3A055006D2ACC /* ChangeSearchLocationTableViewController.swift */ = {isa = PBXFileReference; lastKnownFileType = sourcecode.swift; path = ChangeSearchLocationTableViewController.swift; sourceTree = "<group>"; };
		CE79981823E1BF840017E39A /* Favourites.swift */ = {isa = PBXFileReference; lastKnownFileType = sourcecode.swift; path = Favourites.swift; sourceTree = "<group>"; };
		CE79981E23E6D82D0017E39A /* UpdateDetailsViewController.swift */ = {isa = PBXFileReference; lastKnownFileType = sourcecode.swift; path = UpdateDetailsViewController.swift; sourceTree = "<group>"; };
		CEB683F923EF0C8E00C3C0E3 /* Assets.xcassets */ = {isa = PBXFileReference; lastKnownFileType = folder.assetcatalog; path = Assets.xcassets; sourceTree = "<group>"; };
		CEC0B93423D1C286004DC4E6 /* Chat.swift */ = {isa = PBXFileReference; lastKnownFileType = sourcecode.swift; path = Chat.swift; sourceTree = "<group>"; };
		CEC0B93623D21CF4004DC4E6 /* Message.swift */ = {isa = PBXFileReference; lastKnownFileType = sourcecode.swift; path = Message.swift; sourceTree = "<group>"; };
		CEC0B93823D62007004DC4E6 /* MessageTableViewCell.swift */ = {isa = PBXFileReference; lastKnownFileType = sourcecode.swift; path = MessageTableViewCell.swift; sourceTree = "<group>"; };
		CEC0B93C23D72013004DC4E6 /* SenderTableViewCell.swift */ = {isa = PBXFileReference; lastKnownFileType = sourcecode.swift; path = SenderTableViewCell.swift; sourceTree = "<group>"; };
		CEC1045F2407EE0A001A39C5 /* RentSpace.entitlements */ = {isa = PBXFileReference; lastKnownFileType = text.plist.entitlements; path = RentSpace.entitlements; sourceTree = "<group>"; };
		CEF5CBD623C1DBC80011243D /* MySpacesViewController.swift */ = {isa = PBXFileReference; lastKnownFileType = sourcecode.swift; path = MySpacesViewController.swift; sourceTree = "<group>"; };
		CEF5CBD823C1DD650011243D /* MySpacesTableViewCell.swift */ = {isa = PBXFileReference; lastKnownFileType = sourcecode.swift; path = MySpacesTableViewCell.swift; sourceTree = "<group>"; };
		CEF5CBDA23C1F5E10011243D /* SettingsViewController.swift */ = {isa = PBXFileReference; lastKnownFileType = sourcecode.swift; path = SettingsViewController.swift; sourceTree = "<group>"; };
		CEF5CBDE23C1FF250011243D /* ChatsViewController.swift */ = {isa = PBXFileReference; lastKnownFileType = sourcecode.swift; path = ChatsViewController.swift; sourceTree = "<group>"; };
		CEF5CBE023C200FC0011243D /* MessagesTableViewCell.swift */ = {isa = PBXFileReference; lastKnownFileType = sourcecode.swift; path = MessagesTableViewCell.swift; sourceTree = "<group>"; };
		CEF5CBE223C214CC0011243D /* MessageViewController.swift */ = {isa = PBXFileReference; lastKnownFileType = sourcecode.swift; path = MessageViewController.swift; sourceTree = "<group>"; };
		CEF5CBE423C23AFF0011243D /* SignInViewController.swift */ = {isa = PBXFileReference; lastKnownFileType = sourcecode.swift; path = SignInViewController.swift; sourceTree = "<group>"; };
		CEF5CBE623C243A80011243D /* RegisterViewController.swift */ = {isa = PBXFileReference; lastKnownFileType = sourcecode.swift; path = RegisterViewController.swift; sourceTree = "<group>"; };
		CEF5CBE823C7258C0011243D /* Settings.swift */ = {isa = PBXFileReference; lastKnownFileType = sourcecode.swift; path = Settings.swift; sourceTree = "<group>"; };
/* End PBXFileReference section */

/* Begin PBXFrameworksBuildPhase section */
		CE084073238D40B200DA57C8 /* Frameworks */ = {
			isa = PBXFrameworksBuildPhase;
			buildActionMask = 2147483647;
			files = (
				21E83E98F41224101F699D65 /* Pods_RentSpace.framework in Frameworks */,
			);
			runOnlyForDeploymentPostprocessing = 0;
		};
/* End PBXFrameworksBuildPhase section */

/* Begin PBXGroup section */
		8196D7B40550ABD2C336BD7A /* Pods */ = {
			isa = PBXGroup;
			children = (
				CD8A875980191F6D936665A9 /* Pods-RentSpace.debug.xcconfig */,
				47AD5D96B1E02FDA62C55B2F /* Pods-RentSpace.release.xcconfig */,
			);
			path = Pods;
			sourceTree = "<group>";
		};
		9999E9AF206C130EB94AB04D /* Frameworks */ = {
			isa = PBXGroup;
			children = (
				7A35FBBAEC50E5B0DF0A8BF6 /* Pods_RentSpace.framework */,
			);
			name = Frameworks;
			sourceTree = "<group>";
		};
		CE02CECE23EB2DED003B96A9 /* Data */ = {
			isa = PBXGroup;
			children = (
				CE6583A42397E26C001FFA8A /* Space.swift */,
				CEC0B93423D1C286004DC4E6 /* Chat.swift */,
				CE5D27CE238EC8AA0098B0FA /* Image.swift */,
				CEC0B93623D21CF4004DC4E6 /* Message.swift */,
				CE79981823E1BF840017E39A /* Favourites.swift */,
				CE3BFE5E23FD5DDF0023186C /* Legal.swift */,
			);
			path = Data;
			sourceTree = "<group>";
		};
		CE08406D238D40B200DA57C8 = {
			isa = PBXGroup;
			children = (
				CE084078238D40B200DA57C8 /* RentSpace */,
				CE084077238D40B200DA57C8 /* Products */,
				8196D7B40550ABD2C336BD7A /* Pods */,
				9999E9AF206C130EB94AB04D /* Frameworks */,
			);
			sourceTree = "<group>";
		};
		CE084077238D40B200DA57C8 /* Products */ = {
			isa = PBXGroup;
			children = (
				CE084076238D40B200DA57C8 /* RentSpace.app */,
			);
			name = Products;
			sourceTree = "<group>";
		};
		CE084078238D40B200DA57C8 /* RentSpace */ = {
			isa = PBXGroup;
			children = (
				CEC1045F2407EE0A001A39C5 /* RentSpace.entitlements */,
				CE084079238D40B200DA57C8 /* AppDelegate.swift */,
				CE08407B238D40B200DA57C8 /* SceneDelegate.swift */,
				CE084098238EA95800DA57C8 /* Model */,
				CE084097238EA93700DA57C8 /* View Controllers */,
				CE6583A623981451001FFA8A /* Cells */,
				CE08407F238D40B200DA57C8 /* Main.storyboard */,
				CE084084238D40B500DA57C8 /* LaunchScreen.storyboard */,
				CEB683F923EF0C8E00C3C0E3 /* Assets.xcassets */,
				CE084087238D40B500DA57C8 /* Info.plist */,
				CE6583A22397C0E6001FFA8A /* GoogleService-Info.plist */,
			);
			path = RentSpace;
			sourceTree = "<group>";
		};
		CE084097238EA93700DA57C8 /* View Controllers */ = {
			isa = PBXGroup;
			children = (
				CE6583A9239A6F00001FFA8A /* SpaceSelectionViewController.swift */,
				CE08408F238E78D300DA57C8 /* RentSpaceViewController.swift */,
				CE6BFB3123A24A73006D2ACC /* SearchRadiusViewController.swift */,
				CE6BFB3323A3A055006D2ACC /* ChangeSearchLocationTableViewController.swift */,
				CE6583AD239AAAC9001FFA8A /* AdvertDetailsViewController.swift */,
				CE08407D238D40B200DA57C8 /* PostSpaceViewController.swift */,
				CE5D27D2239107D10098B0FA /* ContactDetailsViewController.swift */,
				CE5D27D623912E8B0098B0FA /* AddressSearchTableViewController.swift */,
				CE08408D238E73B000DA57C8 /* AddPhotosViewController.swift */,
				CE6BFB2F239F9B44006D2ACC /* PostConfirmationViewController.swift */,
				CEF5CBD623C1DBC80011243D /* MySpacesViewController.swift */,
				CEF5CBDA23C1F5E10011243D /* SettingsViewController.swift */,
				CE02CEC823E84705003B96A9 /* UpdateCredentialsTableViewController.swift */,
				CE79981E23E6D82D0017E39A /* UpdateDetailsViewController.swift */,
				CE02CECA23E85433003B96A9 /* DeleteAccountViewController.swift */,
				CEF5CBE423C23AFF0011243D /* SignInViewController.swift */,
				CEF5CBE623C243A80011243D /* RegisterViewController.swift */,
				CEF5CBDE23C1FF250011243D /* ChatsViewController.swift */,
				CEF5CBE223C214CC0011243D /* MessageViewController.swift */,
				CE3BFE5C23FD5A420023186C /* LegaInformationViewController.swift */,
			);
			path = "View Controllers";
			sourceTree = "<group>";
		};
		CE084098238EA95800DA57C8 /* Model */ = {
			isa = PBXGroup;
			children = (
				CE02CECE23EB2DED003B96A9 /* Data */,
				CE6583A023941302001FFA8A /* UIVC Extension.swift */,
				CE6583AB239A8A13001FFA8A /* Location.swift */,
				CEF5CBE823C7258C0011243D /* Settings.swift */,
				CE02CECC23E88873003B96A9 /* FirebaseClient.swift */,
			);
			path = Model;
			sourceTree = "<group>";
		};
		CE6583A623981451001FFA8A /* Cells */ = {
			isa = PBXGroup;
			children = (
				CE084091238E86F200DA57C8 /* PhotoCollectionViewCell.swift */,
				CE5D27D0238FB3BF0098B0FA /* PreviewPhotoCollectionViewCell.swift */,
				CE6583A723981473001FFA8A /* AdvertTableViewCell.swift */,
				CEF5CBD823C1DD650011243D /* MySpacesTableViewCell.swift */,
				CEF5CBE023C200FC0011243D /* MessagesTableViewCell.swift */,
				CEC0B93823D62007004DC4E6 /* MessageTableViewCell.swift */,
				CEC0B93C23D72013004DC4E6 /* SenderTableViewCell.swift */,
			);
			path = Cells;
			sourceTree = "<group>";
		};
/* End PBXGroup section */

/* Begin PBXNativeTarget section */
		CE084075238D40B200DA57C8 /* RentSpace */ = {
			isa = PBXNativeTarget;
			buildConfigurationList = CE08408A238D40B500DA57C8 /* Build configuration list for PBXNativeTarget "RentSpace" */;
			buildPhases = (
				00044EF3AC4074BE38AB6227 /* [CP] Check Pods Manifest.lock */,
				CE084072238D40B200DA57C8 /* Sources */,
				CE084073238D40B200DA57C8 /* Frameworks */,
				CE084074238D40B200DA57C8 /* Resources */,
				771478BA3635C87FFBB7699F /* [CP] Copy Pods Resources */,
				812AEC1E5DF6007EB1F0329D /* [CP] Embed Pods Frameworks */,
			);
			buildRules = (
			);
			dependencies = (
			);
			name = RentSpace;
			productName = RentSpace;
			productReference = CE084076238D40B200DA57C8 /* RentSpace.app */;
			productType = "com.apple.product-type.application";
		};
/* End PBXNativeTarget section */

/* Begin PBXProject section */
		CE08406E238D40B200DA57C8 /* Project object */ = {
			isa = PBXProject;
			attributes = {
				LastSwiftUpdateCheck = 1120;
				LastUpgradeCheck = 1120;
				ORGANIZATIONNAME = "Sean Williams";
				TargetAttributes = {
					CE084075238D40B200DA57C8 = {
						CreatedOnToolsVersion = 11.2.1;
					};
				};
			};
			buildConfigurationList = CE084071238D40B200DA57C8 /* Build configuration list for PBXProject "RentSpace" */;
			compatibilityVersion = "Xcode 9.3";
			developmentRegion = en;
			hasScannedForEncodings = 0;
			knownRegions = (
				en,
				Base,
			);
			mainGroup = CE08406D238D40B200DA57C8;
			productRefGroup = CE084077238D40B200DA57C8 /* Products */;
			projectDirPath = "";
			projectRoot = "";
			targets = (
				CE084075238D40B200DA57C8 /* RentSpace */,
			);
		};
/* End PBXProject section */

/* Begin PBXResourcesBuildPhase section */
		CE084074238D40B200DA57C8 /* Resources */ = {
			isa = PBXResourcesBuildPhase;
			buildActionMask = 2147483647;
			files = (
				CE084086238D40B500DA57C8 /* LaunchScreen.storyboard in Resources */,
				CE6583A32397C0E6001FFA8A /* GoogleService-Info.plist in Resources */,
				CEB683FA23EF0C8F00C3C0E3 /* Assets.xcassets in Resources */,
				CE084081238D40B200DA57C8 /* Main.storyboard in Resources */,
			);
			runOnlyForDeploymentPostprocessing = 0;
		};
/* End PBXResourcesBuildPhase section */

/* Begin PBXShellScriptBuildPhase section */
		00044EF3AC4074BE38AB6227 /* [CP] Check Pods Manifest.lock */ = {
			isa = PBXShellScriptBuildPhase;
			buildActionMask = 2147483647;
			files = (
			);
			inputFileListPaths = (
			);
			inputPaths = (
				"${PODS_PODFILE_DIR_PATH}/Podfile.lock",
				"${PODS_ROOT}/Manifest.lock",
			);
			name = "[CP] Check Pods Manifest.lock";
			outputFileListPaths = (
			);
			outputPaths = (
				"$(DERIVED_FILE_DIR)/Pods-RentSpace-checkManifestLockResult.txt",
			);
			runOnlyForDeploymentPostprocessing = 0;
			shellPath = /bin/sh;
			shellScript = "diff \"${PODS_PODFILE_DIR_PATH}/Podfile.lock\" \"${PODS_ROOT}/Manifest.lock\" > /dev/null\nif [ $? != 0 ] ; then\n    # print error to STDERR\n    echo \"error: The sandbox is not in sync with the Podfile.lock. Run 'pod install' or update your CocoaPods installation.\" >&2\n    exit 1\nfi\n# This output is used by Xcode 'outputs' to avoid re-running this script phase.\necho \"SUCCESS\" > \"${SCRIPT_OUTPUT_FILE_0}\"\n";
			showEnvVarsInLog = 0;
		};
		771478BA3635C87FFBB7699F /* [CP] Copy Pods Resources */ = {
			isa = PBXShellScriptBuildPhase;
			buildActionMask = 2147483647;
			files = (
			);
			inputFileListPaths = (
				"${PODS_ROOT}/Target Support Files/Pods-RentSpace/Pods-RentSpace-resources-${CONFIGURATION}-input-files.xcfilelist",
			);
			name = "[CP] Copy Pods Resources";
			outputFileListPaths = (
				"${PODS_ROOT}/Target Support Files/Pods-RentSpace/Pods-RentSpace-resources-${CONFIGURATION}-output-files.xcfilelist",
			);
			runOnlyForDeploymentPostprocessing = 0;
			shellPath = /bin/sh;
			shellScript = "\"${PODS_ROOT}/Target Support Files/Pods-RentSpace/Pods-RentSpace-resources.sh\"\n";
			showEnvVarsInLog = 0;
		};
		812AEC1E5DF6007EB1F0329D /* [CP] Embed Pods Frameworks */ = {
			isa = PBXShellScriptBuildPhase;
			buildActionMask = 2147483647;
			files = (
			);
			inputFileListPaths = (
				"${PODS_ROOT}/Target Support Files/Pods-RentSpace/Pods-RentSpace-frameworks-${CONFIGURATION}-input-files.xcfilelist",
			);
			name = "[CP] Embed Pods Frameworks";
			outputFileListPaths = (
				"${PODS_ROOT}/Target Support Files/Pods-RentSpace/Pods-RentSpace-frameworks-${CONFIGURATION}-output-files.xcfilelist",
			);
			runOnlyForDeploymentPostprocessing = 0;
			shellPath = /bin/sh;
			shellScript = "\"${PODS_ROOT}/Target Support Files/Pods-RentSpace/Pods-RentSpace-frameworks.sh\"\n";
			showEnvVarsInLog = 0;
		};
/* End PBXShellScriptBuildPhase section */

/* Begin PBXSourcesBuildPhase section */
		CE084072238D40B200DA57C8 /* Sources */ = {
			isa = PBXSourcesBuildPhase;
			buildActionMask = 2147483647;
			files = (
				CE6BFB3423A3A055006D2ACC /* ChangeSearchLocationTableViewController.swift in Sources */,
				CE79981F23E6D82D0017E39A /* UpdateDetailsViewController.swift in Sources */,
				CE6583AE239AAAC9001FFA8A /* AdvertDetailsViewController.swift in Sources */,
				CEC0B93723D21CF4004DC4E6 /* Message.swift in Sources */,
				CE084090238E78D300DA57C8 /* RentSpaceViewController.swift in Sources */,
				CE6BFB3223A24A73006D2ACC /* SearchRadiusViewController.swift in Sources */,
				CEF5CBE123C200FC0011243D /* MessagesTableViewCell.swift in Sources */,
				CE79981923E1BF840017E39A /* Favourites.swift in Sources */,
				CEC0B93523D1C286004DC4E6 /* Chat.swift in Sources */,
				CE02CECD23E88873003B96A9 /* FirebaseClient.swift in Sources */,
				CE6583AA239A6F00001FFA8A /* SpaceSelectionViewController.swift in Sources */,
				CE6583A52397E26C001FFA8A /* Space.swift in Sources */,
				CE3BFE5F23FD5DDF0023186C /* Legal.swift in Sources */,
				CEF5CBE523C23AFF0011243D /* SignInViewController.swift in Sources */,
				CE6BFB30239F9B44006D2ACC /* PostConfirmationViewController.swift in Sources */,
				CEC0B93D23D72013004DC4E6 /* SenderTableViewCell.swift in Sources */,
				CEF5CBDB23C1F5E10011243D /* SettingsViewController.swift in Sources */,
				CE5D27D3239107D10098B0FA /* ContactDetailsViewController.swift in Sources */,
				CE02CECB23E85433003B96A9 /* DeleteAccountViewController.swift in Sources */,
				CEF5CBE323C214CC0011243D /* MessageViewController.swift in Sources */,
				CEF5CBDF23C1FF250011243D /* ChatsViewController.swift in Sources */,
				CE08407E238D40B200DA57C8 /* PostSpaceViewController.swift in Sources */,
				CE5D27CF238EC8AA0098B0FA /* Image.swift in Sources */,
				CE3BFE5D23FD5A420023186C /* LegaInformationViewController.swift in Sources */,
				CE5D27D723912E8B0098B0FA /* AddressSearchTableViewController.swift in Sources */,
				CE08408E238E73B000DA57C8 /* AddPhotosViewController.swift in Sources */,
				CE6583A123941302001FFA8A /* UIVC Extension.swift in Sources */,
				CEF5CBE723C243A80011243D /* RegisterViewController.swift in Sources */,
				CE08407A238D40B200DA57C8 /* AppDelegate.swift in Sources */,
				CE08407C238D40B200DA57C8 /* SceneDelegate.swift in Sources */,
				CE084092238E86F200DA57C8 /* PhotoCollectionViewCell.swift in Sources */,
				CE6583A823981473001FFA8A /* AdvertTableViewCell.swift in Sources */,
				CEC0B93923D62007004DC4E6 /* MessageTableViewCell.swift in Sources */,
				CEF5CBE923C7258C0011243D /* Settings.swift in Sources */,
				CEF5CBD723C1DBC80011243D /* MySpacesViewController.swift in Sources */,
				CE02CEC923E84705003B96A9 /* UpdateCredentialsTableViewController.swift in Sources */,
				CE5D27D1238FB3BF0098B0FA /* PreviewPhotoCollectionViewCell.swift in Sources */,
				CEF5CBD923C1DD650011243D /* MySpacesTableViewCell.swift in Sources */,
				CE6583AC239A8A13001FFA8A /* Location.swift in Sources */,
			);
			runOnlyForDeploymentPostprocessing = 0;
		};
/* End PBXSourcesBuildPhase section */

/* Begin PBXVariantGroup section */
		CE08407F238D40B200DA57C8 /* Main.storyboard */ = {
			isa = PBXVariantGroup;
			children = (
				CE084080238D40B200DA57C8 /* Base */,
			);
			name = Main.storyboard;
			sourceTree = "<group>";
		};
		CE084084238D40B500DA57C8 /* LaunchScreen.storyboard */ = {
			isa = PBXVariantGroup;
			children = (
				CE084085238D40B500DA57C8 /* Base */,
			);
			name = LaunchScreen.storyboard;
			sourceTree = "<group>";
		};
/* End PBXVariantGroup section */

/* Begin XCBuildConfiguration section */
		CE084088238D40B500DA57C8 /* Debug */ = {
			isa = XCBuildConfiguration;
			buildSettings = {
				ALWAYS_SEARCH_USER_PATHS = NO;
				CLANG_ANALYZER_NONNULL = YES;
				CLANG_ANALYZER_NUMBER_OBJECT_CONVERSION = YES_AGGRESSIVE;
				CLANG_CXX_LANGUAGE_STANDARD = "gnu++14";
				CLANG_CXX_LIBRARY = "libc++";
				CLANG_ENABLE_MODULES = YES;
				CLANG_ENABLE_OBJC_ARC = YES;
				CLANG_ENABLE_OBJC_WEAK = YES;
				CLANG_WARN_BLOCK_CAPTURE_AUTORELEASING = YES;
				CLANG_WARN_BOOL_CONVERSION = YES;
				CLANG_WARN_COMMA = YES;
				CLANG_WARN_CONSTANT_CONVERSION = YES;
				CLANG_WARN_DEPRECATED_OBJC_IMPLEMENTATIONS = YES;
				CLANG_WARN_DIRECT_OBJC_ISA_USAGE = YES_ERROR;
				CLANG_WARN_DOCUMENTATION_COMMENTS = YES;
				CLANG_WARN_EMPTY_BODY = YES;
				CLANG_WARN_ENUM_CONVERSION = YES;
				CLANG_WARN_INFINITE_RECURSION = YES;
				CLANG_WARN_INT_CONVERSION = YES;
				CLANG_WARN_NON_LITERAL_NULL_CONVERSION = YES;
				CLANG_WARN_OBJC_IMPLICIT_RETAIN_SELF = YES;
				CLANG_WARN_OBJC_LITERAL_CONVERSION = YES;
				CLANG_WARN_OBJC_ROOT_CLASS = YES_ERROR;
				CLANG_WARN_RANGE_LOOP_ANALYSIS = YES;
				CLANG_WARN_STRICT_PROTOTYPES = YES;
				CLANG_WARN_SUSPICIOUS_MOVE = YES;
				CLANG_WARN_UNGUARDED_AVAILABILITY = YES_AGGRESSIVE;
				CLANG_WARN_UNREACHABLE_CODE = YES;
				CLANG_WARN__DUPLICATE_METHOD_MATCH = YES;
				COPY_PHASE_STRIP = NO;
				DEBUG_INFORMATION_FORMAT = dwarf;
				ENABLE_STRICT_OBJC_MSGSEND = YES;
				ENABLE_TESTABILITY = YES;
				GCC_C_LANGUAGE_STANDARD = gnu11;
				GCC_DYNAMIC_NO_PIC = NO;
				GCC_NO_COMMON_BLOCKS = YES;
				GCC_OPTIMIZATION_LEVEL = 0;
				GCC_PREPROCESSOR_DEFINITIONS = (
					"DEBUG=1",
					"$(inherited)",
				);
				GCC_WARN_64_TO_32_BIT_CONVERSION = YES;
				GCC_WARN_ABOUT_RETURN_TYPE = YES_ERROR;
				GCC_WARN_UNDECLARED_SELECTOR = YES;
				GCC_WARN_UNINITIALIZED_AUTOS = YES_AGGRESSIVE;
				GCC_WARN_UNUSED_FUNCTION = YES;
				GCC_WARN_UNUSED_VARIABLE = YES;
				IPHONEOS_DEPLOYMENT_TARGET = 13.2;
				MTL_ENABLE_DEBUG_INFO = INCLUDE_SOURCE;
				MTL_FAST_MATH = YES;
				ONLY_ACTIVE_ARCH = YES;
				SDKROOT = iphoneos;
				SWIFT_ACTIVE_COMPILATION_CONDITIONS = DEBUG;
				SWIFT_OPTIMIZATION_LEVEL = "-Onone";
			};
			name = Debug;
		};
		CE084089238D40B500DA57C8 /* Release */ = {
			isa = XCBuildConfiguration;
			buildSettings = {
				ALWAYS_SEARCH_USER_PATHS = NO;
				CLANG_ANALYZER_NONNULL = YES;
				CLANG_ANALYZER_NUMBER_OBJECT_CONVERSION = YES_AGGRESSIVE;
				CLANG_CXX_LANGUAGE_STANDARD = "gnu++14";
				CLANG_CXX_LIBRARY = "libc++";
				CLANG_ENABLE_MODULES = YES;
				CLANG_ENABLE_OBJC_ARC = YES;
				CLANG_ENABLE_OBJC_WEAK = YES;
				CLANG_WARN_BLOCK_CAPTURE_AUTORELEASING = YES;
				CLANG_WARN_BOOL_CONVERSION = YES;
				CLANG_WARN_COMMA = YES;
				CLANG_WARN_CONSTANT_CONVERSION = YES;
				CLANG_WARN_DEPRECATED_OBJC_IMPLEMENTATIONS = YES;
				CLANG_WARN_DIRECT_OBJC_ISA_USAGE = YES_ERROR;
				CLANG_WARN_DOCUMENTATION_COMMENTS = YES;
				CLANG_WARN_EMPTY_BODY = YES;
				CLANG_WARN_ENUM_CONVERSION = YES;
				CLANG_WARN_INFINITE_RECURSION = YES;
				CLANG_WARN_INT_CONVERSION = YES;
				CLANG_WARN_NON_LITERAL_NULL_CONVERSION = YES;
				CLANG_WARN_OBJC_IMPLICIT_RETAIN_SELF = YES;
				CLANG_WARN_OBJC_LITERAL_CONVERSION = YES;
				CLANG_WARN_OBJC_ROOT_CLASS = YES_ERROR;
				CLANG_WARN_RANGE_LOOP_ANALYSIS = YES;
				CLANG_WARN_STRICT_PROTOTYPES = YES;
				CLANG_WARN_SUSPICIOUS_MOVE = YES;
				CLANG_WARN_UNGUARDED_AVAILABILITY = YES_AGGRESSIVE;
				CLANG_WARN_UNREACHABLE_CODE = YES;
				CLANG_WARN__DUPLICATE_METHOD_MATCH = YES;
				COPY_PHASE_STRIP = NO;
				DEBUG_INFORMATION_FORMAT = "dwarf-with-dsym";
				ENABLE_NS_ASSERTIONS = NO;
				ENABLE_STRICT_OBJC_MSGSEND = YES;
				GCC_C_LANGUAGE_STANDARD = gnu11;
				GCC_NO_COMMON_BLOCKS = YES;
				GCC_WARN_64_TO_32_BIT_CONVERSION = YES;
				GCC_WARN_ABOUT_RETURN_TYPE = YES_ERROR;
				GCC_WARN_UNDECLARED_SELECTOR = YES;
				GCC_WARN_UNINITIALIZED_AUTOS = YES_AGGRESSIVE;
				GCC_WARN_UNUSED_FUNCTION = YES;
				GCC_WARN_UNUSED_VARIABLE = YES;
				IPHONEOS_DEPLOYMENT_TARGET = 13.2;
				MTL_ENABLE_DEBUG_INFO = NO;
				MTL_FAST_MATH = YES;
				SDKROOT = iphoneos;
				SWIFT_COMPILATION_MODE = wholemodule;
				SWIFT_OPTIMIZATION_LEVEL = "-O";
				VALIDATE_PRODUCT = YES;
			};
			name = Release;
		};
		CE08408B238D40B500DA57C8 /* Debug */ = {
			isa = XCBuildConfiguration;
			baseConfigurationReference = CD8A875980191F6D936665A9 /* Pods-RentSpace.debug.xcconfig */;
			buildSettings = {
				ASSETCATALOG_COMPILER_APPICON_NAME = AppIcon;
				CODE_SIGN_ENTITLEMENTS = RentSpace/RentSpace.entitlements;
				CODE_SIGN_IDENTITY = "Apple Development";
				CODE_SIGN_STYLE = Automatic;
				DEVELOPMENT_TEAM = DN4729AK8V;
				INFOPLIST_FILE = RentSpace/Info.plist;
				IPHONEOS_DEPLOYMENT_TARGET = 11.0;
				LD_RUNPATH_SEARCH_PATHS = (
					"$(inherited)",
					"@executable_path/Frameworks",
				);
				PRODUCT_BUNDLE_IDENTIFIER = com.seanwilliams.RentSpace;
				PRODUCT_NAME = "$(TARGET_NAME)";
				SWIFT_VERSION = 5.0;
				TARGETED_DEVICE_FAMILY = "1,2";
			};
			name = Debug;
		};
		CE08408C238D40B500DA57C8 /* Release */ = {
			isa = XCBuildConfiguration;
			baseConfigurationReference = 47AD5D96B1E02FDA62C55B2F /* Pods-RentSpace.release.xcconfig */;
			buildSettings = {
				ASSETCATALOG_COMPILER_APPICON_NAME = AppIcon;
				CODE_SIGN_ENTITLEMENTS = RentSpace/RentSpace.entitlements;
				CODE_SIGN_IDENTITY = "Apple Development";
				CODE_SIGN_STYLE = Automatic;
				DEVELOPMENT_TEAM = DN4729AK8V;
				INFOPLIST_FILE = RentSpace/Info.plist;
				IPHONEOS_DEPLOYMENT_TARGET = 11.0;
				LD_RUNPATH_SEARCH_PATHS = (
					"$(inherited)",
					"@executable_path/Frameworks",
				);
				PRODUCT_BUNDLE_IDENTIFIER = com.seanwilliams.RentSpace;
				PRODUCT_NAME = "$(TARGET_NAME)";
				SWIFT_VERSION = 5.0;
				TARGETED_DEVICE_FAMILY = "1,2";
			};
			name = Release;
		};
/* End XCBuildConfiguration section */

/* Begin XCConfigurationList section */
		CE084071238D40B200DA57C8 /* Build configuration list for PBXProject "RentSpace" */ = {
			isa = XCConfigurationList;
			buildConfigurations = (
				CE084088238D40B500DA57C8 /* Debug */,
				CE084089238D40B500DA57C8 /* Release */,
			);
			defaultConfigurationIsVisible = 0;
			defaultConfigurationName = Release;
		};
		CE08408A238D40B500DA57C8 /* Build configuration list for PBXNativeTarget "RentSpace" */ = {
			isa = XCConfigurationList;
			buildConfigurations = (
				CE08408B238D40B500DA57C8 /* Debug */,
				CE08408C238D40B500DA57C8 /* Release */,
			);
			defaultConfigurationIsVisible = 0;
			defaultConfigurationName = Release;
		};
/* End XCConfigurationList section */
	};
	rootObject = CE08406E238D40B200DA57C8 /* Project object */;
}
